
Microsoft Visual Studio Solution File, Format Version 12.00
# Visual Studio Version 16
VisualStudioVersion = 16.0.29709.97
MinimumVisualStudioVersion = 10.0.40219.1
Project("{FAE04EC0-301F-11D3-BF4B-00C04F79EFBC}") = "LotteryProgram", "LotteryProgram\LotteryProgram.csproj", "{50A5678D-404B-402D-806A-D27C1538A22D}"
EndProject
Global
	GlobalSection(SolutionConfigurationPlatforms) = preSolution
		Debug|Any CPU = Debug|Any CPU
		Release|Any CPU = Release|Any CPU
	EndGlobalSection
	GlobalSection(ProjectConfigurationPlatforms) = postSolution
		{50A5678D-404B-402D-806A-D27C1538A22D}.Debug|Any CPU.ActiveCfg = Debug|Any CPU
		{50A5678D-404B-402D-806A-D27C1538A22D}.Debug|Any CPU.Build.0 = Debug|Any CPU
		{50A5678D-404B-402D-806A-D27C1538A22D}.Release|Any CPU.ActiveCfg = Release|Any CPU
		{50A5678D-404B-402D-806A-D27C1538A22D}.Release|Any CPU.Build.0 = Release|Any CPU
	EndGlobalSection
	GlobalSection(SolutionProperties) = preSolution
		HideSolutionNode = FALSE
	EndGlobalSection
	GlobalSection(ExtensibilityGlobals) = postSolution
		SolutionGuid = {42E3D522-7CE1-47D3-AF60-A32A52ED5741}
	EndGlobalSection
EndGlobal
